{
  "name": "elasticio-keenio-logger",
  "version": "1.0.0",
  "lockfileVersion": 1,
  "requires": true,
  "dependencies": {
    "component-emitter": {
      "version": "1.2.1",
      "resolved": "https://registry.npmjs.org/component-emitter/-/component-emitter-1.2.1.tgz",
      "integrity": "sha1-E3kY1teCg/ffemt8WmPhQOaUJeY="
    },
    "js-cookie": {
      "version": "2.1.0",
      "resolved": "https://registry.npmjs.org/js-cookie/-/js-cookie-2.1.0.tgz",
      "integrity": "sha1-R5wg0KC7bKuBSR+Rd4jNAl1kUvA="
    },
    "keen-core": {
      "version": "0.1.3",
      "resolved": "https://registry.npmjs.org/keen-core/-/keen-core-0.1.3.tgz",
      "integrity": "sha1-t4zMrTzWLvLjUZaYTZs3C+xrHOI=",
      "requires": {
        "component-emitter": "1.2.1"
      }
    },
    "keen-tracking": {
      "version": "1.2.1",
      "resolved": "https://registry.npmjs.org/keen-tracking/-/keen-tracking-1.2.1.tgz",
      "integrity": "sha1-GRBwHlYbeG5QV8peZ02qCsO/1t4=",
      "requires": {
        "component-emitter": "1.2.1",
        "js-cookie": "2.1.0",
        "keen-core": "0.1.3"
      }
    }
  }
}
